// !$*UTF8*$!
{
	archiveVersion = 1;
	classes = {
	};
	objectVersion = 56;
	objects = {

/* Begin PBXBuildFile section */
		95B2E47F293584A200B9A53A /* SwiftUI_toolBar_ToolbarItem_ToolBarItemGroupApp.swift in Sources */ = {isa = PBXBuildFile; fileRef = 95B2E47E293584A200B9A53A /* SwiftUI_toolBar_ToolbarItem_ToolBarItemGroupApp.swift */; };
		95B2E481293584A200B9A53A /* ContentView.swift in Sources */ = {isa = PBXBuildFile; fileRef = 95B2E480293584A200B9A53A /* ContentView.swift */; };
		95B2E483293584A300B9A53A /* Assets.xcassets in Resources */ = {isa = PBXBuildFile; fileRef = 95B2E482293584A300B9A53A /* Assets.xcassets */; };
		95B2E486293584A300B9A53A /* Preview Assets.xcassets in Resources */ = {isa = PBXBuildFile; fileRef = 95B2E485293584A300B9A53A /* Preview Assets.xcassets */; };
		95B2E490293584A300B9A53A /* SwiftUI_toolBar_ToolbarItem_ToolBarItemGroupTests.swift in Sources */ = {isa = PBXBuildFile; fileRef = 95B2E48F293584A300B9A53A /* SwiftUI_toolBar_ToolbarItem_ToolBarItemGroupTests.swift */; };
		95B2E49A293584A300B9A53A /* SwiftUI_toolBar_ToolbarItem_ToolBarItemGroupUITests.swift in Sources */ = {isa = PBXBuildFile; fileRef = 95B2E499293584A300B9A53A /* SwiftUI_toolBar_ToolbarItem_ToolBarItemGroupUITests.swift */; };
		95B2E49C293584A300B9A53A /* SwiftUI_toolBar_ToolbarItem_ToolBarItemGroupUITestsLaunchTests.swift in Sources */ = {isa = PBXBuildFile; fileRef = 95B2E49B293584A300B9A53A /* SwiftUI_toolBar_ToolbarItem_ToolBarItemGroupUITestsLaunchTests.swift */; };
		95B2E4A929358D1500B9A53A /* MemoView.swift in Sources */ = {isa = PBXBuildFile; fileRef = 95B2E4A829358D1500B9A53A /* MemoView.swift */; };
/* End PBXBuildFile section */

/* Begin PBXContainerItemProxy section */
		95B2E48C293584A300B9A53A /* PBXContainerItemProxy */ = {
			isa = PBXContainerItemProxy;
			containerPortal = 95B2E473293584A200B9A53A /* Project object */;
			proxyType = 1;
			remoteGlobalIDString = 95B2E47A293584A200B9A53A;
			remoteInfo = "SwiftUI-toolBar-ToolbarItem-ToolBarItemGroup";
		};
		95B2E496293584A300B9A53A /* PBXContainerItemProxy */ = {
			isa = PBXContainerItemProxy;
			containerPortal = 95B2E473293584A200B9A53A /* Project object */;
			proxyType = 1;
			remoteGlobalIDString = 95B2E47A293584A200B9A53A;
			remoteInfo = "SwiftUI-toolBar-ToolbarItem-ToolBarItemGroup";
		};
/* End PBXContainerItemProxy section */

/* Begin PBXFileReference section */
		95B2E47B293584A200B9A53A /* SwiftUI-toolBar-ToolbarItem-ToolBarItemGroup.app */ = {isa = PBXFileReference; explicitFileType = wrapper.application; includeInIndex = 0; path = "SwiftUI-toolBar-ToolbarItem-ToolBarItemGroup.app"; sourceTree = BUILT_PRODUCTS_DIR; };
		95B2E47E293584A200B9A53A /* SwiftUI_toolBar_ToolbarItem_ToolBarItemGroupApp.swift */ = {isa = PBXFileReference; lastKnownFileType = sourcecode.swift; path = SwiftUI_toolBar_ToolbarItem_ToolBarItemGroupApp.swift; sourceTree = "<group>"; };
		95B2E480293584A200B9A53A /* ContentView.swift */ = {isa = PBXFileReference; lastKnownFileType = sourcecode.swift; path = ContentView.swift; sourceTree = "<group>"; };
		95B2E482293584A300B9A53A /* Assets.xcassets */ = {isa = PBXFileReference; lastKnownFileType = folder.assetcatalog; path = Assets.xcassets; sourceTree = "<group>"; };
		95B2E485293584A300B9A53A /* Preview Assets.xcassets */ = {isa = PBXFileReference; lastKnownFileType = folder.assetcatalog; path = "Preview Assets.xcassets"; sourceTree = "<group>"; };
		95B2E48B293584A300B9A53A /* SwiftUI-toolBar-ToolbarItem-ToolBarItemGroupTests.xctest */ = {isa = PBXFileReference; explicitFileType = wrapper.cfbundle; includeInIndex = 0; path = "SwiftUI-toolBar-ToolbarItem-ToolBarItemGroupTests.xctest"; sourceTree = BUILT_PRODUCTS_DIR; };
		95B2E48F293584A300B9A53A /* SwiftUI_toolBar_ToolbarItem_ToolBarItemGroupTests.swift */ = {isa = PBXFileReference; lastKnownFileType = sourcecode.swift; path = SwiftUI_toolBar_ToolbarItem_ToolBarItemGroupTests.swift; sourceTree = "<group>"; };
		95B2E495293584A300B9A53A /* SwiftUI-toolBar-ToolbarItem-ToolBarItemGroupUITests.xctest */ = {isa = PBXFileReference; explicitFileType = wrapper.cfbundle; includeInIndex = 0; path = "SwiftUI-toolBar-ToolbarItem-ToolBarItemGroupUITests.xctest"; sourceTree = BUILT_PRODUCTS_DIR; };
		95B2E499293584A300B9A53A /* SwiftUI_toolBar_ToolbarItem_ToolBarItemGroupUITests.swift */ = {isa = PBXFileReference; lastKnownFileType = sourcecode.swift; path = SwiftUI_toolBar_ToolbarItem_ToolBarItemGroupUITests.swift; sourceTree = "<group>"; };
		95B2E49B293584A300B9A53A /* SwiftUI_toolBar_ToolbarItem_ToolBarItemGroupUITestsLaunchTests.swift */ = {isa = PBXFileReference; lastKnownFileType = sourcecode.swift; path = SwiftUI_toolBar_ToolbarItem_ToolBarItemGroupUITestsLaunchTests.swift; sourceTree = "<group>"; };
		95B2E4A829358D1500B9A53A /* MemoView.swift */ = {isa = PBXFileReference; lastKnownFileType = sourcecode.swift; path = MemoView.swift; sourceTree = "<group>"; };
/* End PBXFileReference section */

/* Begin PBXFrameworksBuildPhase section */
		95B2E478293584A200B9A53A /* Frameworks */ = {
			isa = PBXFrameworksBuildPhase;
			buildActionMask = 2147483647;
			files = (
			);
			runOnlyForDeploymentPostprocessing = 0;
		};
		95B2E488293584A300B9A53A /* Frameworks */ = {
			isa = PBXFrameworksBuildPhase;
			buildActionMask = 2147483647;
			files = (
			);
			runOnlyForDeploymentPostprocessing = 0;
		};
		95B2E492293584A300B9A53A /* Frameworks */ = {
			isa = PBXFrameworksBuildPhase;
			buildActionMask = 2147483647;
			files = (
			);
			runOnlyForDeploymentPostprocessing = 0;
		};
/* End PBXFrameworksBuildPhase section */

/* Begin PBXGroup section */
		95B2E472293584A200B9A53A = {
			isa = PBXGroup;
			children = (
				95B2E47D293584A200B9A53A /* SwiftUI-toolBar-ToolbarItem-ToolBarItemGroup */,
				95B2E48E293584A300B9A53A /* SwiftUI-toolBar-ToolbarItem-ToolBarItemGroupTests */,
				95B2E498293584A300B9A53A /* SwiftUI-toolBar-ToolbarItem-ToolBarItemGroupUITests */,
				95B2E47C293584A200B9A53A /* Products */,
			);
			sourceTree = "<group>";
		};
		95B2E47C293584A200B9A53A /* Products */ = {
			isa = PBXGroup;
			children = (
				95B2E47B293584A200B9A53A /* SwiftUI-toolBar-ToolbarItem-ToolBarItemGroup.app */,
				95B2E48B293584A300B9A53A /* SwiftUI-toolBar-ToolbarItem-ToolBarItemGroupTests.xctest */,
				95B2E495293584A300B9A53A /* SwiftUI-toolBar-ToolbarItem-ToolBarItemGroupUITests.xctest */,
			);
			name = Products;
			sourceTree = "<group>";
		};
		95B2E47D293584A200B9A53A /* SwiftUI-toolBar-ToolbarItem-ToolBarItemGroup */ = {
			isa = PBXGroup;
			children = (
				95B2E47E293584A200B9A53A /* SwiftUI_toolBar_ToolbarItem_ToolBarItemGroupApp.swift */,
				95B2E480293584A200B9A53A /* ContentView.swift */,
				95B2E482293584A300B9A53A /* Assets.xcassets */,
				95B2E484293584A300B9A53A /* Preview Content */,
				95B2E4A829358D1500B9A53A /* MemoView.swift */,
			);
			path = "SwiftUI-toolBar-ToolbarItem-ToolBarItemGroup";
			sourceTree = "<group>";
		};
		95B2E484293584A300B9A53A /* Preview Content */ = {
			isa = PBXGroup;
			children = (
				95B2E485293584A300B9A53A /* Preview Assets.xcassets */,
			);
			path = "Preview Content";
			sourceTree = "<group>";
		};
		95B2E48E293584A300B9A53A /* SwiftUI-toolBar-ToolbarItem-ToolBarItemGroupTests */ = {
			isa = PBXGroup;
			children = (
				95B2E48F293584A300B9A53A /* SwiftUI_toolBar_ToolbarItem_ToolBarItemGroupTests.swift */,
			);
			path = "SwiftUI-toolBar-ToolbarItem-ToolBarItemGroupTests";
			sourceTree = "<group>";
		};
		95B2E498293584A300B9A53A /* SwiftUI-toolBar-ToolbarItem-ToolBarItemGroupUITests */ = {
			isa = PBXGroup;
			children = (
				95B2E499293584A300B9A53A /* SwiftUI_toolBar_ToolbarItem_ToolBarItemGroupUITests.swift */,
				95B2E49B293584A300B9A53A /* SwiftUI_toolBar_ToolbarItem_ToolBarItemGroupUITestsLaunchTests.swift */,
			);
			path = "SwiftUI-toolBar-ToolbarItem-ToolBarItemGroupUITests";
			sourceTree = "<group>";
		};
/* End PBXGroup section */

/* Begin PBXNativeTarget section */
		95B2E47A293584A200B9A53A /* SwiftUI-toolBar-ToolbarItem-ToolBarItemGroup */ = {
			isa = PBXNativeTarget;
			buildConfigurationList = 95B2E49F293584A300B9A53A /* Build configuration list for PBXNativeTarget "SwiftUI-toolBar-ToolbarItem-ToolBarItemGroup" */;
			buildPhases = (
				95B2E477293584A200B9A53A /* Sources */,
				95B2E478293584A200B9A53A /* Frameworks */,
				95B2E479293584A200B9A53A /* Resources */,
			);
			buildRules = (
			);
			dependencies = (
			);
			name = "SwiftUI-toolBar-ToolbarItem-ToolBarItemGroup";
			productName = "SwiftUI-toolBar-ToolbarItem-ToolBarItemGroup";
			productReference = 95B2E47B293584A200B9A53A /* SwiftUI-toolBar-ToolbarItem-ToolBarItemGroup.app */;
			productType = "com.apple.product-type.application";
		};
		95B2E48A293584A300B9A53A /* SwiftUI-toolBar-ToolbarItem-ToolBarItemGroupTests */ = {
			isa = PBXNativeTarget;
			buildConfigurationList = 95B2E4A2293584A300B9A53A /* Build configuration list for PBXNativeTarget "SwiftUI-toolBar-ToolbarItem-ToolBarItemGroupTests" */;
			buildPhases = (
				95B2E487293584A300B9A53A /* Sources */,
				95B2E488293584A300B9A53A /* Frameworks */,
				95B2E489293584A300B9A53A /* Resources */,
			);
			buildRules = (
			);
			dependencies = (
				95B2E48D293584A300B9A53A /* PBXTargetDependency */,
			);
			name = "SwiftUI-toolBar-ToolbarItem-ToolBarItemGroupTests";
			productName = "SwiftUI-toolBar-ToolbarItem-ToolBarItemGroupTests";
			productReference = 95B2E48B293584A300B9A53A /* SwiftUI-toolBar-ToolbarItem-ToolBarItemGroupTests.xctest */;
			productType = "com.apple.product-type.bundle.unit-test";
		};
		95B2E494293584A300B9A53A /* SwiftUI-toolBar-ToolbarItem-ToolBarItemGroupUITests */ = {
			isa = PBXNativeTarget;
			buildConfigurationList = 95B2E4A5293584A300B9A53A /* Build configuration list for PBXNativeTarget "SwiftUI-toolBar-ToolbarItem-ToolBarItemGroupUITests" */;
			buildPhases = (
				95B2E491293584A300B9A53A /* Sources */,
				95B2E492293584A300B9A53A /* Frameworks */,
				95B2E493293584A300B9A53A /* Resources */,
			);
			buildRules = (
			);
			dependencies = (
				95B2E497293584A300B9A53A /* PBXTargetDependency */,
			);
			name = "SwiftUI-toolBar-ToolbarItem-ToolBarItemGroupUITests";
			productName = "SwiftUI-toolBar-ToolbarItem-ToolBarItemGroupUITests";
			productReference = 95B2E495293584A300B9A53A /* SwiftUI-toolBar-ToolbarItem-ToolBarItemGroupUITests.xctest */;
			productType = "com.apple.product-type.bundle.ui-testing";
		};
/* End PBXNativeTarget section */

/* Begin PBXProject section */
		95B2E473293584A200B9A53A /* Project object */ = {
			isa = PBXProject;
			attributes = {
				BuildIndependentTargetsInParallel = 1;
				LastSwiftUpdateCheck = 1410;
				LastUpgradeCheck = 1410;
				TargetAttributes = {
					95B2E47A293584A200B9A53A = {
						CreatedOnToolsVersion = 14.1;
					};
					95B2E48A293584A300B9A53A = {
						CreatedOnToolsVersion = 14.1;
						TestTargetID = 95B2E47A293584A200B9A53A;
					};
					95B2E494293584A300B9A53A = {
						CreatedOnToolsVersion = 14.1;
						TestTargetID = 95B2E47A293584A200B9A53A;
					};
				};
			};
			buildConfigurationList = 95B2E476293584A200B9A53A /* Build configuration list for PBXProject "SwiftUI-toolBar-ToolbarItem-ToolBarItemGroup" */;
			compatibilityVersion = "Xcode 14.0";
			developmentRegion = en;
			hasScannedForEncodings = 0;
			knownRegions = (
				en,
				Base,
			);
			mainGroup = 95B2E472293584A200B9A53A;
			productRefGroup = 95B2E47C293584A200B9A53A /* Products */;
			projectDirPath = "";
			projectRoot = "";
			targets = (
				95B2E47A293584A200B9A53A /* SwiftUI-toolBar-ToolbarItem-ToolBarItemGroup */,
				95B2E48A293584A300B9A53A /* SwiftUI-toolBar-ToolbarItem-ToolBarItemGroupTests */,
				95B2E494293584A300B9A53A /* SwiftUI-toolBar-ToolbarItem-ToolBarItemGroupUITests */,
			);
		};
/* End PBXProject section */

/* Begin PBXResourcesBuildPhase section */
		95B2E479293584A200B9A53A /* Resources */ = {
			isa = PBXResourcesBuildPhase;
			buildActionMask = 2147483647;
			files = (
				95B2E486293584A300B9A53A /* Preview Assets.xcassets in Resources */,
				95B2E483293584A300B9A53A /* Assets.xcassets in Resources */,
			);
			runOnlyForDeploymentPostprocessing = 0;
		};
		95B2E489293584A300B9A53A /* Resources */ = {
			isa = PBXResourcesBuildPhase;
			buildActionMask = 2147483647;
			files = (
			);
			runOnlyForDeploymentPostprocessing = 0;
		};
		95B2E493293584A300B9A53A /* Resources */ = {
			isa = PBXResourcesBuildPhase;
			buildActionMask = 2147483647;
			files = (
			);
			runOnlyForDeploymentPostprocessing = 0;
		};
/* End PBXResourcesBuildPhase section */

/* Begin PBXSourcesBuildPhase section */
		95B2E477293584A200B9A53A /* Sources */ = {
			isa = PBXSourcesBuildPhase;
			buildActionMask = 2147483647;
			files = (
				95B2E481293584A200B9A53A /* ContentView.swift in Sources */,
				95B2E4A929358D1500B9A53A /* MemoView.swift in Sources */,
				95B2E47F293584A200B9A53A /* SwiftUI_toolBar_ToolbarItem_ToolBarItemGroupApp.swift in Sources */,
			);
			runOnlyForDeploymentPostprocessing = 0;
		};
		95B2E487293584A300B9A53A /* Sources */ = {
			isa = PBXSourcesBuildPhase;
			buildActionMask = 2147483647;
			files = (
				95B2E490293584A300B9A53A /* SwiftUI_toolBar_ToolbarItem_ToolBarItemGroupTests.swift in Sources */,
			);
			runOnlyForDeploymentPostprocessing = 0;
		};
		95B2E491293584A300B9A53A /* Sources */ = {
			isa = PBXSourcesBuildPhase;
			buildActionMask = 2147483647;
			files = (
				95B2E49C293584A300B9A53A /* SwiftUI_toolBar_ToolbarItem_ToolBarItemGroupUITestsLaunchTests.swift in Sources */,
				95B2E49A293584A300B9A53A /* SwiftUI_toolBar_ToolbarItem_ToolBarItemGroupUITests.swift in Sources */,
			);
			runOnlyForDeploymentPostprocessing = 0;
		};
/* End PBXSourcesBuildPhase section */

/* Begin PBXTargetDependency section */
		95B2E48D293584A300B9A53A /* PBXTargetDependency */ = {
			isa = PBXTargetDependency;
			target = 95B2E47A293584A200B9A53A /* SwiftUI-toolBar-ToolbarItem-ToolBarItemGroup */;
			targetProxy = 95B2E48C293584A300B9A53A /* PBXContainerItemProxy */;
		};
		95B2E497293584A300B9A53A /* PBXTargetDependency */ = {
			isa = PBXTargetDependency;
			target = 95B2E47A293584A200B9A53A /* SwiftUI-toolBar-ToolbarItem-ToolBarItemGroup */;
			targetProxy = 95B2E496293584A300B9A53A /* PBXContainerItemProxy */;
		};
/* End PBXTargetDependency section */

/* Begin XCBuildConfiguration section */
		95B2E49D293584A300B9A53A /* Debug */ = {
			isa = XCBuildConfiguration;
			buildSettings = {
				ALWAYS_SEARCH_USER_PATHS = NO;
				CLANG_ANALYZER_NONNULL = YES;
				CLANG_ANALYZER_NUMBER_OBJECT_CONVERSION = YES_AGGRESSIVE;
				CLANG_CXX_LANGUAGE_STANDARD = "gnu++20";
				CLANG_ENABLE_MODULES = YES;
				CLANG_ENABLE_OBJC_ARC = YES;
				CLANG_ENABLE_OBJC_WEAK = YES;
				CLANG_WARN_BLOCK_CAPTURE_AUTORELEASING = YES;
				CLANG_WARN_BOOL_CONVERSION = YES;
				CLANG_WARN_COMMA = YES;
				CLANG_WARN_CONSTANT_CONVERSION = YES;
				CLANG_WARN_DEPRECATED_OBJC_IMPLEMENTATIONS = YES;
				CLANG_WARN_DIRECT_OBJC_ISA_USAGE = YES_ERROR;
				CLANG_WARN_DOCUMENTATION_COMMENTS = YES;
				CLANG_WARN_EMPTY_BODY = YES;
				CLANG_WARN_ENUM_CONVERSION = YES;
				CLANG_WARN_INFINITE_RECURSION = YES;
				CLANG_WARN_INT_CONVERSION = YES;
				CLANG_WARN_NON_LITERAL_NULL_CONVERSION = YES;
				CLANG_WARN_OBJC_IMPLICIT_RETAIN_SELF = YES;
				CLANG_WARN_OBJC_LITERAL_CONVERSION = YES;
				CLANG_WARN_OBJC_ROOT_CLASS = YES_ERROR;
				CLANG_WARN_QUOTED_INCLUDE_IN_FRAMEWORK_HEADER = YES;
				CLANG_WARN_RANGE_LOOP_ANALYSIS = YES;
				CLANG_WARN_STRICT_PROTOTYPES = YES;
				CLANG_WARN_SUSPICIOUS_MOVE = YES;
				CLANG_WARN_UNGUARDED_AVAILABILITY = YES_AGGRESSIVE;
				CLANG_WARN_UNREACHABLE_CODE = YES;
				CLANG_WARN__DUPLICATE_METHOD_MATCH = YES;
				COPY_PHASE_STRIP = NO;
				DEBUG_INFORMATION_FORMAT = dwarf;
				ENABLE_STRICT_OBJC_MSGSEND = YES;
				ENABLE_TESTABILITY = YES;
				GCC_C_LANGUAGE_STANDARD = gnu11;
				GCC_DYNAMIC_NO_PIC = NO;
				GCC_NO_COMMON_BLOCKS = YES;
				GCC_OPTIMIZATION_LEVEL = 0;
				GCC_PREPROCESSOR_DEFINITIONS = (
					"DEBUG=1",
					"$(inherited)",
				);
				GCC_WARN_64_TO_32_BIT_CONVERSION = YES;
				GCC_WARN_ABOUT_RETURN_TYPE = YES_ERROR;
				GCC_WARN_UNDECLARED_SELECTOR = YES;
				GCC_WARN_UNINITIALIZED_AUTOS = YES_AGGRESSIVE;
				GCC_WARN_UNUSED_FUNCTION = YES;
				GCC_WARN_UNUSED_VARIABLE = YES;
				IPHONEOS_DEPLOYMENT_TARGET = 16.1;
				MTL_ENABLE_DEBUG_INFO = INCLUDE_SOURCE;
				MTL_FAST_MATH = YES;
				ONLY_ACTIVE_ARCH = YES;
				SDKROOT = iphoneos;
				SWIFT_ACTIVE_COMPILATION_CONDITIONS = DEBUG;
				SWIFT_OPTIMIZATION_LEVEL = "-Onone";
			};
			name = Debug;
		};
		95B2E49E293584A300B9A53A /* Release */ = {
			isa = XCBuildConfiguration;
			buildSettings = {
				ALWAYS_SEARCH_USER_PATHS = NO;
				CLANG_ANALYZER_NONNULL = YES;
				CLANG_ANALYZER_NUMBER_OBJECT_CONVERSION = YES_AGGRESSIVE;
				CLANG_CXX_LANGUAGE_STANDARD = "gnu++20";
				CLANG_ENABLE_MODULES = YES;
				CLANG_ENABLE_OBJC_ARC = YES;
				CLANG_ENABLE_OBJC_WEAK = YES;
				CLANG_WARN_BLOCK_CAPTURE_AUTORELEASING = YES;
				CLANG_WARN_BOOL_CONVERSION = YES;
				CLANG_WARN_COMMA = YES;
				CLANG_WARN_CONSTANT_CONVERSION = YES;
				CLANG_WARN_DEPRECATED_OBJC_IMPLEMENTATIONS = YES;
				CLANG_WARN_DIRECT_OBJC_ISA_USAGE = YES_ERROR;
				CLANG_WARN_DOCUMENTATION_COMMENTS = YES;
				CLANG_WARN_EMPTY_BODY = YES;
				CLANG_WARN_ENUM_CONVERSION = YES;
				CLANG_WARN_INFINITE_RECURSION = YES;
				CLANG_WARN_INT_CONVERSION = YES;
				CLANG_WARN_NON_LITERAL_NULL_CONVERSION = YES;
				CLANG_WARN_OBJC_IMPLICIT_RETAIN_SELF = YES;
				CLANG_WARN_OBJC_LITERAL_CONVERSION = YES;
				CLANG_WARN_OBJC_ROOT_CLASS = YES_ERROR;
				CLANG_WARN_QUOTED_INCLUDE_IN_FRAMEWORK_HEADER = YES;
				CLANG_WARN_RANGE_LOOP_ANALYSIS = YES;
				CLANG_WARN_STRICT_PROTOTYPES = YES;
				CLANG_WARN_SUSPICIOUS_MOVE = YES;
				CLANG_WARN_UNGUARDED_AVAILABILITY = YES_AGGRESSIVE;
				CLANG_WARN_UNREACHABLE_CODE = YES;
				CLANG_WARN__DUPLICATE_METHOD_MATCH = YES;
				COPY_PHASE_STRIP = NO;
				DEBUG_INFORMATION_FORMAT = "dwarf-with-dsym";
				ENABLE_NS_ASSERTIONS = NO;
				ENABLE_STRICT_OBJC_MSGSEND = YES;
				GCC_C_LANGUAGE_STANDARD = gnu11;
				GCC_NO_COMMON_BLOCKS = YES;
				GCC_WARN_64_TO_32_BIT_CONVERSION = YES;
				GCC_WARN_ABOUT_RETURN_TYPE = YES_ERROR;
				GCC_WARN_UNDECLARED_SELECTOR = YES;
				GCC_WARN_UNINITIALIZED_AUTOS = YES_AGGRESSIVE;
				GCC_WARN_UNUSED_FUNCTION = YES;
				GCC_WARN_UNUSED_VARIABLE = YES;
				IPHONEOS_DEPLOYMENT_TARGET = 16.1;
				MTL_ENABLE_DEBUG_INFO = NO;
				MTL_FAST_MATH = YES;
				SDKROOT = iphoneos;
				SWIFT_COMPILATION_MODE = wholemodule;
				SWIFT_OPTIMIZATION_LEVEL = "-O";
				VALIDATE_PRODUCT = YES;
			};
			name = Release;
		};
		95B2E4A0293584A300B9A53A /* Debug */ = {
			isa = XCBuildConfiguration;
			buildSettings = {
				ASSETCATALOG_COMPILER_APPICON_NAME = AppIcon;
				ASSETCATALOG_COMPILER_GLOBAL_ACCENT_COLOR_NAME = AccentColor;
				CODE_SIGN_STYLE = Automatic;
				CURRENT_PROJECT_VERSION = 1;
				DEVELOPMENT_ASSET_PATHS = "\"SwiftUI-toolBar-ToolbarItem-ToolBarItemGroup/Preview Content\"";
				DEVELOPMENT_TEAM = 7X9S244452;
				ENABLE_PREVIEWS = YES;
				GENERATE_INFOPLIST_FILE = YES;
				INFOPLIST_KEY_UIApplicationSceneManifest_Generation = YES;
				INFOPLIST_KEY_UIApplicationSupportsIndirectInputEvents = YES;
				INFOPLIST_KEY_UILaunchScreen_Generation = YES;
				INFOPLIST_KEY_UISupportedInterfaceOrientations_iPad = "UIInterfaceOrientationPortrait UIInterfaceOrientationPortraitUpsideDown UIInterfaceOrientationLandscapeLeft UIInterfaceOrientationLandscapeRight";
				INFOPLIST_KEY_UISupportedInterfaceOrientations_iPhone = "UIInterfaceOrientationPortrait UIInterfaceOrientationLandscapeLeft UIInterfaceOrientationLandscapeRight";
				LD_RUNPATH_SEARCH_PATHS = (
					"$(inherited)",
					"@executable_path/Frameworks",
				);
				MARKETING_VERSION = 1.0;
				PRODUCT_BUNDLE_IDENTIFIER = "com.mkondo.SwiftUI-toolBar-ToolbarItem-ToolBarItemGroup";
				PRODUCT_NAME = "$(TARGET_NAME)";
				SWIFT_EMIT_LOC_STRINGS = YES;
				SWIFT_VERSION = 5.0;
				TARGETED_DEVICE_FAMILY = "1,2";
			};
			name = Debug;
		};
		95B2E4A1293584A300B9A53A /* Release */ = {
			isa = XCBuildConfiguration;
			buildSettings = {
				ASSETCATALOG_COMPILER_APPICON_NAME = AppIcon;
				ASSETCATALOG_COMPILER_GLOBAL_ACCENT_COLOR_NAME = AccentColor;
				CODE_SIGN_STYLE = Automatic;
				CURRENT_PROJECT_VERSION = 1;
				DEVELOPMENT_ASSET_PATHS = "\"SwiftUI-toolBar-ToolbarItem-ToolBarItemGroup/Preview Content\"";
				DEVELOPMENT_TEAM = 7X9S244452;
				ENABLE_PREVIEWS = YES;
				GENERATE_INFOPLIST_FILE = YES;
				INFOPLIST_KEY_UIApplicationSceneManifest_Generation = YES;
				INFOPLIST_KEY_UIApplicationSupportsIndirectInputEvents = YES;
				INFOPLIST_KEY_UILaunchScreen_Generation = YES;
				INFOPLIST_KEY_UISupportedInterfaceOrientations_iPad = "UIInterfaceOrientationPortrait UIInterfaceOrientationPortraitUpsideDown UIInterfaceOrientationLandscapeLeft UIInterfaceOrientationLandscapeRight";
				INFOPLIST_KEY_UISupportedInterfaceOrientations_iPhone = "UIInterfaceOrientationPortrait UIInterfaceOrientationLandscapeLeft UIInterfaceOrientationLandscapeRight";
				LD_RUNPATH_SEARCH_PATHS = (
					"$(inherited)",
					"@executable_path/Frameworks",
				);
				MARKETING_VERSION = 1.0;
				PRODUCT_BUNDLE_IDENTIFIER = "com.mkondo.SwiftUI-toolBar-ToolbarItem-ToolBarItemGroup";
				PRODUCT_NAME = "$(TARGET_NAME)";
				SWIFT_EMIT_LOC_STRINGS = YES;
				SWIFT_VERSION = 5.0;
				TARGETED_DEVICE_FAMILY = "1,2";
			};
			name = Release;
		};
		95B2E4A3293584A300B9A53A /* Debug */ = {
			isa = XCBuildConfiguration;
			buildSettings = {
				ALWAYS_EMBED_SWIFT_STANDARD_LIBRARIES = YES;
				BUNDLE_LOADER = "$(TEST_HOST)";
				CODE_SIGN_STYLE = Automatic;
				CURRENT_PROJECT_VERSION = 1;
				DEVELOPMENT_TEAM = 7X9S244452;
				GENERATE_INFOPLIST_FILE = YES;
				IPHONEOS_DEPLOYMENT_TARGET = 16.1;
				MARKETING_VERSION = 1.0;
				PRODUCT_BUNDLE_IDENTIFIER = "com.mkondo.SwiftUI-toolBar-ToolbarItem-ToolBarItemGroupTests";
				PRODUCT_NAME = "$(TARGET_NAME)";
				SWIFT_EMIT_LOC_STRINGS = NO;
				SWIFT_VERSION = 5.0;
				TARGETED_DEVICE_FAMILY = "1,2";
				TEST_HOST = "$(BUILT_PRODUCTS_DIR)/SwiftUI-toolBar-ToolbarItem-ToolBarItemGroup.app/$(BUNDLE_EXECUTABLE_FOLDER_PATH)/SwiftUI-toolBar-ToolbarItem-ToolBarItemGroup";
			};
			name = Debug;
		};
		95B2E4A4293584A300B9A53A /* Release */ = {
			isa = XCBuildConfiguration;
			buildSettings = {
				ALWAYS_EMBED_SWIFT_STANDARD_LIBRARIES = YES;
				BUNDLE_LOADER = "$(TEST_HOST)";
				CODE_SIGN_STYLE = Automatic;
				CURRENT_PROJECT_VERSION = 1;
				DEVELOPMENT_TEAM = 7X9S244452;
				GENERATE_INFOPLIST_FILE = YES;
				IPHONEOS_DEPLOYMENT_TARGET = 16.1;
				MARKETING_VERSION = 1.0;
				PRODUCT_BUNDLE_IDENTIFIER = "com.mkondo.SwiftUI-toolBar-ToolbarItem-ToolBarItemGroupTests";
				PRODUCT_NAME = "$(TARGET_NAME)";
				SWIFT_EMIT_LOC_STRINGS = NO;
				SWIFT_VERSION = 5.0;
				TARGETED_DEVICE_FAMILY = "1,2";
				TEST_HOST = "$(BUILT_PRODUCTS_DIR)/SwiftUI-toolBar-ToolbarItem-ToolBarItemGroup.app/$(BUNDLE_EXECUTABLE_FOLDER_PATH)/SwiftUI-toolBar-ToolbarItem-ToolBarItemGroup";
			};
			name = Release;
		};
		95B2E4A6293584A300B9A53A /* Debug */ = {
			isa = XCBuildConfiguration;
			buildSettings = {
				ALWAYS_EMBED_SWIFT_STANDARD_LIBRARIES = YES;
				CODE_SIGN_STYLE = Automatic;
				CURRENT_PROJECT_VERSION = 1;
				DEVELOPMENT_TEAM = 7X9S244452;
				GENERATE_INFOPLIST_FILE = YES;
				MARKETING_VERSION = 1.0;
				PRODUCT_BUNDLE_IDENTIFIER = "com.mkondo.SwiftUI-toolBar-ToolbarItem-ToolBarItemGroupUITests";
				PRODUCT_NAME = "$(TARGET_NAME)";
				SWIFT_EMIT_LOC_STRINGS = NO;
				SWIFT_VERSION = 5.0;
				TARGETED_DEVICE_FAMILY = "1,2";
				TEST_TARGET_NAME = "SwiftUI-toolBar-ToolbarItem-ToolBarItemGroup";
			};
			name = Debug;
		};
		95B2E4A7293584A300B9A53A /* Release */ = {
			isa = XCBuildConfiguration;
			buildSettings = {
				ALWAYS_EMBED_SWIFT_STANDARD_LIBRARIES = YES;
				CODE_SIGN_STYLE = Automatic;
				CURRENT_PROJECT_VERSION = 1;
				DEVELOPMENT_TEAM = 7X9S244452;
				GENERATE_INFOPLIST_FILE = YES;
				MARKETING_VERSION = 1.0;
				PRODUCT_BUNDLE_IDENTIFIER = "com.mkondo.SwiftUI-toolBar-ToolbarItem-ToolBarItemGroupUITests";
				PRODUCT_NAME = "$(TARGET_NAME)";
				SWIFT_EMIT_LOC_STRINGS = NO;
				SWIFT_VERSION = 5.0;
				TARGETED_DEVICE_FAMILY = "1,2";
				TEST_TARGET_NAME = "SwiftUI-toolBar-ToolbarItem-ToolBarItemGroup";
			};
			name = Release;
		};
/* End XCBuildConfiguration section */

/* Begin XCConfigurationList section */
		95B2E476293584A200B9A53A /* Build configuration list for PBXProject "SwiftUI-toolBar-ToolbarItem-ToolBarItemGroup" */ = {
			isa = XCConfigurationList;
			buildConfigurations = (
				95B2E49D293584A300B9A53A /* Debug */,
				95B2E49E293584A300B9A53A /* Release */,
			);
			defaultConfigurationIsVisible = 0;
			defaultConfigurationName = Release;
		};
		95B2E49F293584A300B9A53A /* Build configuration list for PBXNativeTarget "SwiftUI-toolBar-ToolbarItem-ToolBarItemGroup" */ = {
			isa = XCConfigurationList;
			buildConfigurations = (
				95B2E4A0293584A300B9A53A /* Debug */,
				95B2E4A1293584A300B9A53A /* Release */,
			);
			defaultConfigurationIsVisible = 0;
			defaultConfigurationName = Release;
		};
		95B2E4A2293584A300B9A53A /* Build configuration list for PBXNativeTarget "SwiftUI-toolBar-ToolbarItem-ToolBarItemGroupTests" */ = {
			isa = XCConfigurationList;
			buildConfigurations = (
				95B2E4A3293584A300B9A53A /* Debug */,
				95B2E4A4293584A300B9A53A /* Release */,
			);
			defaultConfigurationIsVisible = 0;
			defaultConfigurationName = Release;
		};
		95B2E4A5293584A300B9A53A /* Build configuration list for PBXNativeTarget "SwiftUI-toolBar-ToolbarItem-ToolBarItemGroupUITests" */ = {
			isa = XCConfigurationList;
			buildConfigurations = (
				95B2E4A6293584A300B9A53A /* Debug */,
				95B2E4A7293584A300B9A53A /* Release */,
			);
			defaultConfigurationIsVisible = 0;
			defaultConfigurationName = Release;
		};
/* End XCConfigurationList section */
	};
	rootObject = 95B2E473293584A200B9A53A /* Project object */;
}
